
Microsoft Visual Studio Solution File, Format Version 12.00
# Visual Studio Version 16
VisualStudioVersion = 16.0.30330.147
MinimumVisualStudioVersion = 10.0.40219.1
Project("{8BC9CEB8-8B4A-11D0-8D11-00A0C91BC942}") = "div 5 count", "div 5 count\div 5 count.vcxproj", "{0FDA3ED3-42A8-48D0-BB7A-86DC8570B428}"
EndProject
Global
	GlobalSection(SolutionConfigurationPlatforms) = preSolution
		Debug|x64 = Debug|x64
		Debug|x86 = Debug|x86
		Release|x64 = Release|x64
		Release|x86 = Release|x86
	EndGlobalSection
	GlobalSection(ProjectConfigurationPlatforms) = postSolution
		{0FDA3ED3-42A8-48D0-BB7A-86DC8570B428}.Debug|x64.ActiveCfg = Debug|x64
		{0FDA3ED3-42A8-48D0-BB7A-86DC8570B428}.Debug|x64.Build.0 = Debug|x64
		{0FDA3ED3-42A8-48D0-BB7A-86DC8570B428}.Debug|x86.ActiveCfg = Debug|Win32
		{0FDA3ED3-42A8-48D0-BB7A-86DC8570B428}.Debug|x86.Build.0 = Debug|Win32
		{0FDA3ED3-42A8-48D0-BB7A-86DC8570B428}.Release|x64.ActiveCfg = Release|x64
		{0FDA3ED3-42A8-48D0-BB7A-86DC8570B428}.Release|x64.Build.0 = Release|x64
		{0FDA3ED3-42A8-48D0-BB7A-86DC8570B428}.Release|x86.ActiveCfg = Release|Win32
		{0FDA3ED3-42A8-48D0-BB7A-86DC8570B428}.Release|x86.Build.0 = Release|Win32
	EndGlobalSection
	GlobalSection(SolutionProperties) = preSolution
		HideSolutionNode = FALSE
	EndGlobalSection
	GlobalSection(ExtensibilityGlobals) = postSolution
		SolutionGuid = {77E67F0A-CE98-432B-9A9F-1242C7800A76}
	EndGlobalSection
EndGlobal
